
Microsoft Visual Studio Solution File, Format Version 12.00
# Visual Studio Version 17
VisualStudioVersion = 17.0.32126.317
MinimumVisualStudioVersion = 10.0.40219.1
Project("{FAE04EC0-301F-11D3-BF4B-00C04F79EFBC}") = "Logica", "Logica\Logica.csproj", "{75621D43-1595-463E-A87D-31CF703E8106}"
EndProject
Global
	GlobalSection(SolutionConfigurationPlatforms) = preSolution
		Debug|Any CPU = Debug|Any CPU
		Release|Any CPU = Release|Any CPU
	EndGlobalSection
	GlobalSection(ProjectConfigurationPlatforms) = postSolution
		{75621D43-1595-463E-A87D-31CF703E8106}.Debug|Any CPU.ActiveCfg = Debug|Any CPU
		{75621D43-1595-463E-A87D-31CF703E8106}.Debug|Any CPU.Build.0 = Debug|Any CPU
		{75621D43-1595-463E-A87D-31CF703E8106}.Release|Any CPU.ActiveCfg = Release|Any CPU
		{75621D43-1595-463E-A87D-31CF703E8106}.Release|Any CPU.Build.0 = Release|Any CPU
	EndGlobalSection
	GlobalSection(SolutionProperties) = preSolution
		HideSolutionNode = FALSE
	EndGlobalSection
	GlobalSection(ExtensibilityGlobals) = postSolution
		SolutionGuid = {CD894A0F-2ACA-4900-9442-D90CF1ED2AA2}
	EndGlobalSection
EndGlobal
